
Microsoft Visual Studio Solution File, Format Version 12.00
# Visual Studio Version 16
VisualStudioVersion = 16.0.33130.400
MinimumVisualStudioVersion = 10.0.40219.1
Project("{FAE04EC0-301F-11D3-BF4B-00C04F79EFBC}") = "WebApiTest", "WebApiTest.csproj", "{9170D9F8-62C7-4F14-BAC7-E3B444BB78AF}"
EndProject
Global
	GlobalSection(SolutionConfigurationPlatforms) = preSolution
		Debug|Any CPU = Debug|Any CPU
		Release|Any CPU = Release|Any CPU
	EndGlobalSection
	GlobalSection(ProjectConfigurationPlatforms) = postSolution
		{9170D9F8-62C7-4F14-BAC7-E3B444BB78AF}.Debug|Any CPU.ActiveCfg = Debug|Any CPU
		{9170D9F8-62C7-4F14-BAC7-E3B444BB78AF}.Debug|Any CPU.Build.0 = Debug|Any CPU
		{9170D9F8-62C7-4F14-BAC7-E3B444BB78AF}.Release|Any CPU.ActiveCfg = Release|Any CPU
		{9170D9F8-62C7-4F14-BAC7-E3B444BB78AF}.Release|Any CPU.Build.0 = Release|Any CPU
	EndGlobalSection
	GlobalSection(SolutionProperties) = preSolution
		HideSolutionNode = FALSE
	EndGlobalSection
	GlobalSection(ExtensibilityGlobals) = postSolution
		SolutionGuid = {148AD065-3BCC-428A-83A7-B02BCBA83D1D}
	EndGlobalSection
EndGlobal
